<?xml version="1.0" encoding="utf-8"?>
<Project ToolsVersion="4.0" xmlns="http://schemas.microsoft.com/developer/msbuild/2003">
  <ItemGroup>
    <Filter Include="Application">
      <UniqueIdentifier>{3cee17fb-5c3c-4d20-912b-50aebd70dc39}</UniqueIdentifier>
    </Filter>
    <Filter Include="Common">
      <UniqueIdentifier>{ad6247dd-0156-4978-9cf2-533379d800dc}</UniqueIdentifier>
    </Filter>
    <Filter Include="Layer">
      <UniqueIdentifier>{b62a7762-bf21-4cd7-b6a9-b0a10fbbc0d4}</UniqueIdentifier>
    </Filter>
    <Filter Include="Resource">
      <UniqueIdentifier>{fe0e314b-8f52-460b-9f8f-71e2885c4986}</UniqueIdentifier>
    </Filter>
    <Filter Include="GameObject">
      <UniqueIdentifier>{1428cccc-fd0d-4177-9039-309efab864cf}</UniqueIdentifier>
    </Filter>
    <Filter Include="Scene">
      <UniqueIdentifier>{8be308c8-745e-4134-a252-fa8b251a8263}</UniqueIdentifier>
    </Filter>
    <Filter Include="Components">
      <UniqueIdentifier>{3b2781d8-7874-4ca9-9623-5218ebc5ebeb}</UniqueIdentifier>
    </Filter>
    <Filter Include="Components\SpriteRenderer">
      <UniqueIdentifier>{b59b62e8-c407-4abd-a366-b23a875329ef}</UniqueIdentifier>
    </Filter>
    <Filter Include="Components\Texture">
      <UniqueIdentifier>{d93cbef6-8210-407d-ada2-bb7f4d9ad0c2}</UniqueIdentifier>
    </Filter>
    <Filter Include="Components\Script">
      <UniqueIdentifier>{e852d1ec-b14c-4bca-9c29-4ff7b494c4b7}</UniqueIdentifier>
    </Filter>
    <Filter Include="Components\Transform">
      <UniqueIdentifier>{2a420478-0ef2-4911-ac03-58ae356d89c9}</UniqueIdentifier>
    </Filter>
    <Filter Include="Components\Component">
      <UniqueIdentifier>{b28a34ed-ec7b-43af-8e20-c6065fa8e113}</UniqueIdentifier>
    </Filter>
    <Filter Include="Input">
      <UniqueIdentifier>{93318fa2-6bc6-4e68-87ba-81adbd9ea93e}</UniqueIdentifier>
    </Filter>
    <Filter Include="Time">
      <UniqueIdentifier>{e0bfba99-1b8f-465e-a4c5-e80c8a668e6c}</UniqueIdentifier>
    </Filter>
    <Filter Include="Components\Camera">
      <UniqueIdentifier>{559ea564-c9bc-4d3e-8cb9-080988eb2414}</UniqueIdentifier>
    </Filter>
    <Filter Include="Renderer">
      <UniqueIdentifier>{37286fc6-3d0a-4581-a3f4-1ec5b8c40455}</UniqueIdentifier>
    </Filter>
    <Filter Include="Animation">
      <UniqueIdentifier>{e744b65f-b589-414d-9b0f-621a60686123}</UniqueIdentifier>
    </Filter>
    <Filter Include="Collision">
      <UniqueIdentifier>{53b359b8-4bef-4918-af0e-3927ed9f07b6}</UniqueIdentifier>
    </Filter>
    <Filter Include="Fmod">
      <UniqueIdentifier>{131283b9-9598-454c-b00b-6e3b3ac45669}</UniqueIdentifier>
    </Filter>
    <Filter Include="UI">
      <UniqueIdentifier>{ce14fa4f-43ba-4138-9be5-8543734ddf61}</UniqueIdentifier>
    </Filter>
    <Filter Include="Components\RigidBody">
      <UniqueIdentifier>{0e71d922-357d-478d-b5a8-8c80f37a0148}</UniqueIdentifier>
    </Filter>
  </ItemGroup>
  <ItemGroup>
    <ClInclude Include="$(MSBuildThisFileDirectory)Application.h">
      <Filter>Application</Filter>
    </ClInclude>
    <ClInclude Include="$(MSBuildThisFileDirectory)CommonInclude.h">
      <Filter>Common</Filter>
    </ClInclude>
    <ClInclude Include="$(MSBuildThisFileDirectory)GEMath.h">
      <Filter>Common</Filter>
    </ClInclude>
    <ClInclude Include="$(MSBuildThisFileDirectory)Entity.h">
      <Filter>Common</Filter>
    </ClInclude>
    <ClInclude Include="$(MSBuildThisFileDirectory)GEEnums.h">
      <Filter>Common</Filter>
    </ClInclude>
    <ClInclude Include="$(MSBuildThisFileDirectory)Layer.h">
      <Filter>Layer</Filter>
    </ClInclude>
    <ClInclude Include="$(MSBuildThisFileDirectory)Resource.h">
      <Filter>Resource</Filter>
    </ClInclude>
    <ClInclude Include="$(MSBuildThisFileDirectory)Resources.h">
      <Filter>Resource</Filter>
    </ClInclude>
    <ClInclude Include="$(MSBuildThisFileDirectory)SpriteRenderer.h">
      <Filter>Components\SpriteRenderer</Filter>
    </ClInclude>
    <ClInclude Include="$(MSBuildThisFileDirectory)Texture.h">
      <Filter>Components\Texture</Filter>
    </ClInclude>
    <ClInclude Include="$(MSBuildThisFileDirectory)Script.h">
      <Filter>Components\Script</Filter>
    </ClInclude>
    <ClInclude Include="$(MSBuildThisFileDirectory)Object.h">
      <Filter>GameObject</Filter>
    </ClInclude>
    <ClInclude Include="$(MSBuildThisFileDirectory)GameObject.h">
      <Filter>GameObject</Filter>
    </ClInclude>
    <ClInclude Include="$(MSBuildThisFileDirectory)Scene.h">
      <Filter>Scene</Filter>
    </ClInclude>
    <ClInclude Include="$(MSBuildThisFileDirectory)SceneManager.h">
      <Filter>Scene</Filter>
    </ClInclude>
    <ClInclude Include="$(MSBuildThisFileDirectory)Transform.h">
      <Filter>Components\Transform</Filter>
    </ClInclude>
    <ClInclude Include="$(MSBuildThisFileDirectory)Component.h">
      <Filter>Components\Component</Filter>
    </ClInclude>
    <ClInclude Include="$(MSBuildThisFileDirectory)Input.h">
      <Filter>Input</Filter>
    </ClInclude>
    <ClInclude Include="$(MSBuildThisFileDirectory)Time.h">
      <Filter>Time</Filter>
    </ClInclude>
    <ClInclude Include="$(MSBuildThisFileDirectory)Camera.h">
      <Filter>Components\Camera</Filter>
    </ClInclude>
    <ClInclude Include="$(MSBuildThisFileDirectory)Renderer.h">
      <Filter>Renderer</Filter>
    </ClInclude>
    <ClInclude Include="$(MSBuildThisFileDirectory)Animation.h">
      <Filter>Animation</Filter>
    </ClInclude>
    <ClInclude Include="$(MSBuildThisFileDirectory)Animator.h">
      <Filter>Animation</Filter>
    </ClInclude>
    <ClInclude Include="$(MSBuildThisFileDirectory)DontDestroyOnLoad.h" />
    <ClInclude Include="$(MSBuildThisFileDirectory)BoxCollider2D.h">
      <Filter>Collision</Filter>
    </ClInclude>
    <ClInclude Include="$(MSBuildThisFileDirectory)CircleCollider2D.h">
      <Filter>Collision</Filter>
    </ClInclude>
    <ClInclude Include="$(MSBuildThisFileDirectory)Collider.h">
      <Filter>Collision</Filter>
    </ClInclude>
    <ClInclude Include="$(MSBuildThisFileDirectory)CollisionManager.h">
      <Filter>Collision</Filter>
    </ClInclude>
    <ClInclude Include="$(MSBuildThisFileDirectory)TileRenderer.h" />
    <ClInclude Include="$(MSBuildThisFileDirectory)Fmod.h">
      <Filter>Fmod</Filter>
    </ClInclude>
    <ClInclude Include="$(MSBuildThisFileDirectory)UiBase.h">
      <Filter>UI</Filter>
    </ClInclude>
    <ClInclude Include="$(MSBuildThisFileDirectory)UIButton.h">
      <Filter>UI</Filter>
    </ClInclude>
    <ClInclude Include="$(MSBuildThisFileDirectory)UIHUD.h">
      <Filter>UI</Filter>
    </ClInclude>
    <ClInclude Include="$(MSBuildThisFileDirectory)UiManager.h">
      <Filter>UI</Filter>
    </ClInclude>
    <ClInclude Include="$(MSBuildThisFileDirectory)Debug_Text.h" />
    <ClInclude Include="$(MSBuildThisFileDirectory)AudioSource.h">
      <Filter>Fmod</Filter>
    </ClInclude>
    <ClInclude Include="$(MSBuildThisFileDirectory)AudioClip.h">
      <Filter>Fmod</Filter>
    </ClInclude>
    <ClInclude Include="$(MSBuildThisFileDirectory)AudioListener.h">
      <Filter>Fmod</Filter>
    </ClInclude>
    <ClInclude Include="$(MSBuildThisFileDirectory)RigidBody.h">
      <Filter>Components\RigidBody</Filter>
    </ClInclude>
    <ClInclude Include="$(MSBuildThisFileDirectory)PixelCollider.h">
      <Filter>Collision</Filter>
    </ClInclude>
  </ItemGroup>
  <ItemGroup>
    <ClCompile Include="$(MSBuildThisFileDirectory)Application.cpp">
      <Filter>Application</Filter>
    </ClCompile>
    <ClCompile Include="$(MSBuildThisFileDirectory)Math.cpp">
      <Filter>Common</Filter>
    </ClCompile>
    <ClCompile Include="$(MSBuildThisFileDirectory)Entity.cpp">
      <Filter>Common</Filter>
    </ClCompile>
    <ClCompile Include="$(MSBuildThisFileDirectory)Layer.cpp">
      <Filter>Layer</Filter>
    </ClCompile>
    <ClCompile Include="$(MSBuildThisFileDirectory)Resource.cpp">
      <Filter>Resource</Filter>
    </ClCompile>
    <ClCompile Include="$(MSBuildThisFileDirectory)Resources.cpp">
      <Filter>Resource</Filter>
    </ClCompile>
    <ClCompile Include="$(MSBuildThisFileDirectory)SpriteRenderer.cpp">
      <Filter>Components\SpriteRenderer</Filter>
    </ClCompile>
    <ClCompile Include="$(MSBuildThisFileDirectory)Texture.cpp">
      <Filter>Components\Texture</Filter>
    </ClCompile>
    <ClCompile Include="$(MSBuildThisFileDirectory)Script.cpp">
      <Filter>Components\Script</Filter>
    </ClCompile>
    <ClCompile Include="$(MSBuildThisFileDirectory)GameObject.cpp">
      <Filter>GameObject</Filter>
    </ClCompile>
    <ClCompile Include="$(MSBuildThisFileDirectory)Scene.cpp">
      <Filter>Scene</Filter>
    </ClCompile>
    <ClCompile Include="$(MSBuildThisFileDirectory)SceneManager.cpp">
      <Filter>Scene</Filter>
    </ClCompile>
    <ClCompile Include="$(MSBuildThisFileDirectory)Transform.cpp">
      <Filter>Components\Transform</Filter>
    </ClCompile>
    <ClCompile Include="$(MSBuildThisFileDirectory)Component.cpp">
      <Filter>Components\Component</Filter>
    </ClCompile>
    <ClCompile Include="$(MSBuildThisFileDirectory)Input.cpp">
      <Filter>Input</Filter>
    </ClCompile>
    <ClCompile Include="$(MSBuildThisFileDirectory)Time.cpp">
      <Filter>Time</Filter>
    </ClCompile>
    <ClCompile Include="$(MSBuildThisFileDirectory)Camera.cpp">
      <Filter>Components\Camera</Filter>
    </ClCompile>
    <ClCompile Include="$(MSBuildThisFileDirectory)Renderer.cpp">
      <Filter>Renderer</Filter>
    </ClCompile>
    <ClCompile Include="$(MSBuildThisFileDirectory)Animation.cpp">
      <Filter>Animation</Filter>
    </ClCompile>
    <ClCompile Include="$(MSBuildThisFileDirectory)Animator.cpp">
      <Filter>Animation</Filter>
    </ClCompile>
    <ClCompile Include="$(MSBuildThisFileDirectory)DontDestroyOnLoad.cpp" />
    <ClCompile Include="$(MSBuildThisFileDirectory)BoxCollider2D.cpp">
      <Filter>Collision</Filter>
    </ClCompile>
    <ClCompile Include="$(MSBuildThisFileDirectory)CircleCollider2D.cpp">
      <Filter>Collision</Filter>
    </ClCompile>
    <ClCompile Include="$(MSBuildThisFileDirectory)Collider.cpp">
      <Filter>Collision</Filter>
    </ClCompile>
    <ClCompile Include="$(MSBuildThisFileDirectory)CollisionManager.cpp">
      <Filter>Collision</Filter>
    </ClCompile>
    <ClCompile Include="$(MSBuildThisFileDirectory)TileRenderer.cpp" />
    <ClCompile Include="$(MSBuildThisFileDirectory)Fmod.cpp">
      <Filter>Fmod</Filter>
    </ClCompile>
    <ClCompile Include="$(MSBuildThisFileDirectory)UiBase.cpp">
      <Filter>UI</Filter>
    </ClCompile>
    <ClCompile Include="$(MSBuildThisFileDirectory)UIButton.cpp">
      <Filter>UI</Filter>
    </ClCompile>
    <ClCompile Include="$(MSBuildThisFileDirectory)UIHUD.cpp">
      <Filter>UI</Filter>
    </ClCompile>
    <ClCompile Include="$(MSBuildThisFileDirectory)UiManager.cpp">
      <Filter>UI</Filter>
    </ClCompile>
    <ClCompile Include="$(MSBuildThisFileDirectory)AudioClip.cpp">
      <Filter>Fmod</Filter>
    </ClCompile>
    <ClCompile Include="$(MSBuildThisFileDirectory)AudioListener.cpp">
      <Filter>Fmod</Filter>
    </ClCompile>
    <ClCompile Include="$(MSBuildThisFileDirectory)AudioSource.cpp">
      <Filter>Fmod</Filter>
    </ClCompile>
    <ClCompile Include="$(MSBuildThisFileDirectory)RigidBody.cpp">
      <Filter>Components\RigidBody</Filter>
    </ClCompile>
    <ClCompile Include="$(MSBuildThisFileDirectory)PixelCollider.cpp">
      <Filter>Collision</Filter>
    </ClCompile>
  </ItemGroup>
</Project>