<?xml version="1.0" encoding="utf-8"?>
<Project ToolsVersion="4.0" xmlns="http://schemas.microsoft.com/developer/msbuild/2003">
  <ItemGroup>
    <Filter Include="Application">
      <UniqueIdentifier>{3cee17fb-5c3c-4d20-912b-50aebd70dc39}</UniqueIdentifier>
    </Filter>
    <Filter Include="Common">
      <UniqueIdentifier>{ad6247dd-0156-4978-9cf2-533379d800dc}</UniqueIdentifier>
    </Filter>
  </ItemGroup>
  <ItemGroup>
    <ClInclude Include="$(MSBuildThisFileDirectory)Application.h">
      <Filter>Application</Filter>
    </ClInclude>
    <ClInclude Include="$(MSBuildThisFileDirectory)GameObject.h" />
    <ClInclude Include="$(MSBuildThisFileDirectory)Input.h" />
    <ClInclude Include="$(MSBuildThisFileDirectory)Time.h" />
    <ClInclude Include="$(MSBuildThisFileDirectory)Scene.h" />
    <ClInclude Include="$(MSBuildThisFileDirectory)SceneManager.h" />
    <ClInclude Include="$(MSBuildThisFileDirectory)Component.h" />
    <ClInclude Include="$(MSBuildThisFileDirectory)SpriteRenderer.h" />
    <ClInclude Include="$(MSBuildThisFileDirectory)Transform.h" />
    <ClInclude Include="$(MSBuildThisFileDirectory)Layer.h" />
    <ClInclude Include="$(MSBuildThisFileDirectory)CommonInclude.h">
      <Filter>Common</Filter>
    </ClInclude>
    <ClInclude Include="$(MSBuildThisFileDirectory)GEMath.h">
      <Filter>Common</Filter>
    </ClInclude>
    <ClInclude Include="$(MSBuildThisFileDirectory)Entity.h">
      <Filter>Common</Filter>
    </ClInclude>
    <ClInclude Include="$(MSBuildThisFileDirectory)GEEnums.h">
      <Filter>Common</Filter>
    </ClInclude>
  </ItemGroup>
  <ItemGroup>
    <ClCompile Include="$(MSBuildThisFileDirectory)Application.cpp">
      <Filter>Application</Filter>
    </ClCompile>
    <ClCompile Include="$(MSBuildThisFileDirectory)GameObject.cpp" />
    <ClCompile Include="$(MSBuildThisFileDirectory)Input.cpp" />
    <ClCompile Include="$(MSBuildThisFileDirectory)Time.cpp" />
    <ClCompile Include="$(MSBuildThisFileDirectory)Scene.cpp" />
    <ClCompile Include="$(MSBuildThisFileDirectory)SceneManager.cpp" />
    <ClCompile Include="$(MSBuildThisFileDirectory)Component.cpp" />
    <ClCompile Include="$(MSBuildThisFileDirectory)SpriteRenderer.cpp" />
    <ClCompile Include="$(MSBuildThisFileDirectory)Transform.cpp" />
    <ClCompile Include="$(MSBuildThisFileDirectory)Layer.cpp" />
    <ClCompile Include="$(MSBuildThisFileDirectory)Math.cpp">
      <Filter>Common</Filter>
    </ClCompile>
    <ClCompile Include="$(MSBuildThisFileDirectory)Entity.cpp">
      <Filter>Common</Filter>
    </ClCompile>
  </ItemGroup>
</Project>